// !$*UTF8*$!
{
	archiveVersion = 1;
	classes = {
	};
	objectVersion = 56;
	objects = {

/* Begin PBXBuildFile section */
		CB1C3ACF296200B700F92CA7 /* Color.swift in Sources */ = {isa = PBXBuildFile; fileRef = CB1C3ACE296200B700F92CA7 /* Color.swift */; };
		CB1C3AD32965C96900F92CA7 /* ImageDataModels.swift in Sources */ = {isa = PBXBuildFile; fileRef = CB1C3AD22965C96900F92CA7 /* ImageDataModels.swift */; };
		CB1C3AD52965CD1900F92CA7 /* ImageService.swift in Sources */ = {isa = PBXBuildFile; fileRef = CB1C3AD42965CD1900F92CA7 /* ImageService.swift */; };
		CB1C3AD72965D28500F92CA7 /* ImageRepository.swift in Sources */ = {isa = PBXBuildFile; fileRef = CB1C3AD62965D28500F92CA7 /* ImageRepository.swift */; };
		CB1C3AD92965D66C00F92CA7 /* ContentViewModel.swift in Sources */ = {isa = PBXBuildFile; fileRef = CB1C3AD82965D66C00F92CA7 /* ContentViewModel.swift */; };
		CBB1F3EC295DBA5A009A743A /* InspoApp.swift in Sources */ = {isa = PBXBuildFile; fileRef = CBB1F3EB295DBA5A009A743A /* InspoApp.swift */; };
		CBB1F3EE295DBA5A009A743A /* ContentView.swift in Sources */ = {isa = PBXBuildFile; fileRef = CBB1F3ED295DBA5A009A743A /* ContentView.swift */; };
		CBB1F3F0295DBA63009A743A /* Assets.xcassets in Resources */ = {isa = PBXBuildFile; fileRef = CBB1F3EF295DBA63009A743A /* Assets.xcassets */; };
		CBB1F3F4295DBA63009A743A /* Preview Assets.xcassets in Resources */ = {isa = PBXBuildFile; fileRef = CBB1F3F3295DBA63009A743A /* Preview Assets.xcassets */; };
/* End PBXBuildFile section */

/* Begin PBXFileReference section */
		CB1C3ACE296200B700F92CA7 /* Color.swift */ = {isa = PBXFileReference; lastKnownFileType = sourcecode.swift; path = Color.swift; sourceTree = "<group>"; };
		CB1C3AD22965C96900F92CA7 /* ImageDataModels.swift */ = {isa = PBXFileReference; lastKnownFileType = sourcecode.swift; path = ImageDataModels.swift; sourceTree = "<group>"; };
		CB1C3AD42965CD1900F92CA7 /* ImageService.swift */ = {isa = PBXFileReference; lastKnownFileType = sourcecode.swift; path = ImageService.swift; sourceTree = "<group>"; };
		CB1C3AD62965D28500F92CA7 /* ImageRepository.swift */ = {isa = PBXFileReference; lastKnownFileType = sourcecode.swift; path = ImageRepository.swift; sourceTree = "<group>"; };
		CB1C3AD82965D66C00F92CA7 /* ContentViewModel.swift */ = {isa = PBXFileReference; lastKnownFileType = sourcecode.swift; path = ContentViewModel.swift; sourceTree = "<group>"; };
		CBB1F3E8295DBA5A009A743A /* Inspo.app */ = {isa = PBXFileReference; explicitFileType = wrapper.application; includeInIndex = 0; path = Inspo.app; sourceTree = BUILT_PRODUCTS_DIR; };
		CBB1F3EB295DBA5A009A743A /* InspoApp.swift */ = {isa = PBXFileReference; lastKnownFileType = sourcecode.swift; path = InspoApp.swift; sourceTree = "<group>"; };
		CBB1F3ED295DBA5A009A743A /* ContentView.swift */ = {isa = PBXFileReference; lastKnownFileType = sourcecode.swift; path = ContentView.swift; sourceTree = "<group>"; };
		CBB1F3EF295DBA63009A743A /* Assets.xcassets */ = {isa = PBXFileReference; lastKnownFileType = folder.assetcatalog; path = Assets.xcassets; sourceTree = "<group>"; };
		CBB1F3F1295DBA63009A743A /* Inspo.entitlements */ = {isa = PBXFileReference; lastKnownFileType = text.plist.entitlements; path = Inspo.entitlements; sourceTree = "<group>"; };
		CBB1F3F3295DBA63009A743A /* Preview Assets.xcassets */ = {isa = PBXFileReference; lastKnownFileType = folder.assetcatalog; path = "Preview Assets.xcassets"; sourceTree = "<group>"; };
/* End PBXFileReference section */

/* Begin PBXFrameworksBuildPhase section */
		CBB1F3E5295DBA5A009A743A /* Frameworks */ = {
			isa = PBXFrameworksBuildPhase;
			buildActionMask = 2147483647;
			files = (
			);
			runOnlyForDeploymentPostprocessing = 0;
		};
/* End PBXFrameworksBuildPhase section */

/* Begin PBXGroup section */
		CB7D596E2983F0C900FF2ECC /* Networking */ = {
			isa = PBXGroup;
			children = (
				CB1C3AD42965CD1900F92CA7 /* ImageService.swift */,
				CB1C3AD62965D28500F92CA7 /* ImageRepository.swift */,
			);
			path = Networking;
			sourceTree = "<group>";
		};
		CBB1F3DF295DBA5A009A743A = {
			isa = PBXGroup;
			children = (
				CBB1F3EA295DBA5A009A743A /* Inspo */,
				CBB1F3E9295DBA5A009A743A /* Products */,
			);
			sourceTree = "<group>";
		};
		CBB1F3E9295DBA5A009A743A /* Products */ = {
			isa = PBXGroup;
			children = (
				CBB1F3E8295DBA5A009A743A /* Inspo.app */,
			);
			name = Products;
			sourceTree = "<group>";
		};
		CBB1F3EA295DBA5A009A743A /* Inspo */ = {
			isa = PBXGroup;
			children = (
				CBB1F3EB295DBA5A009A743A /* InspoApp.swift */,
				CB7D596E2983F0C900FF2ECC /* Networking */,
				CBB1F3ED295DBA5A009A743A /* ContentView.swift */,
				CB1C3AD82965D66C00F92CA7 /* ContentViewModel.swift */,
				CB1C3AD22965C96900F92CA7 /* ImageDataModels.swift */,
				CB1C3ACE296200B700F92CA7 /* Color.swift */,
				CBB1F3EF295DBA63009A743A /* Assets.xcassets */,
				CBB1F3F1295DBA63009A743A /* Inspo.entitlements */,
				CBB1F3F2295DBA63009A743A /* Preview Content */,
			);
			path = Inspo;
			sourceTree = "<group>";
		};
		CBB1F3F2295DBA63009A743A /* Preview Content */ = {
			isa = PBXGroup;
			children = (
				CBB1F3F3295DBA63009A743A /* Preview Assets.xcassets */,
			);
			path = "Preview Content";
			sourceTree = "<group>";
		};
/* End PBXGroup section */

/* Begin PBXNativeTarget section */
		CBB1F3E7295DBA5A009A743A /* Inspo */ = {
			isa = PBXNativeTarget;
			buildConfigurationList = CBB1F3F7295DBA63009A743A /* Build configuration list for PBXNativeTarget "Inspo" */;
			buildPhases = (
				CBB1F3E4295DBA5A009A743A /* Sources */,
				CBB1F3E5295DBA5A009A743A /* Frameworks */,
				CBB1F3E6295DBA5A009A743A /* Resources */,
			);
			buildRules = (
			);
			dependencies = (
			);
			name = Inspo;
			productName = Inspo;
			productReference = CBB1F3E8295DBA5A009A743A /* Inspo.app */;
			productType = "com.apple.product-type.application";
		};
/* End PBXNativeTarget section */

/* Begin PBXProject section */
		CBB1F3E0295DBA5A009A743A /* Project object */ = {
			isa = PBXProject;
			attributes = {
				BuildIndependentTargetsInParallel = 1;
				LastSwiftUpdateCheck = 1410;
				LastUpgradeCheck = 1420;
				TargetAttributes = {
					CBB1F3E7295DBA5A009A743A = {
						CreatedOnToolsVersion = 14.1;
					};
				};
			};
			buildConfigurationList = CBB1F3E3295DBA5A009A743A /* Build configuration list for PBXProject "Inspo" */;
			compatibilityVersion = "Xcode 14.0";
			developmentRegion = en;
			hasScannedForEncodings = 0;
			knownRegions = (
				en,
				Base,
			);
			mainGroup = CBB1F3DF295DBA5A009A743A;
			productRefGroup = CBB1F3E9295DBA5A009A743A /* Products */;
			projectDirPath = "";
			projectRoot = "";
			targets = (
				CBB1F3E7295DBA5A009A743A /* Inspo */,
			);
		};
/* End PBXProject section */

/* Begin PBXResourcesBuildPhase section */
		CBB1F3E6295DBA5A009A743A /* Resources */ = {
			isa = PBXResourcesBuildPhase;
			buildActionMask = 2147483647;
			files = (
				CBB1F3F4295DBA63009A743A /* Preview Assets.xcassets in Resources */,
				CBB1F3F0295DBA63009A743A /* Assets.xcassets in Resources */,
			);
			runOnlyForDeploymentPostprocessing = 0;
		};
/* End PBXResourcesBuildPhase section */

/* Begin PBXSourcesBuildPhase section */
		CBB1F3E4295DBA5A009A743A /* Sources */ = {
			isa = PBXSourcesBuildPhase;
			buildActionMask = 2147483647;
			files = (
				CBB1F3EE295DBA5A009A743A /* ContentView.swift in Sources */,
				CB1C3AD72965D28500F92CA7 /* ImageRepository.swift in Sources */,
				CB1C3AD32965C96900F92CA7 /* ImageDataModels.swift in Sources */,
				CB1C3AD92965D66C00F92CA7 /* ContentViewModel.swift in Sources */,
				CBB1F3EC295DBA5A009A743A /* InspoApp.swift in Sources */,
				CB1C3AD52965CD1900F92CA7 /* ImageService.swift in Sources */,
				CB1C3ACF296200B700F92CA7 /* Color.swift in Sources */,
			);
			runOnlyForDeploymentPostprocessing = 0;
		};
/* End PBXSourcesBuildPhase section */

/* Begin XCBuildConfiguration section */
		CBB1F3F5295DBA63009A743A /* Debug */ = {
			isa = XCBuildConfiguration;
			buildSettings = {
				ALWAYS_SEARCH_USER_PATHS = NO;
				CLANG_ANALYZER_NONNULL = YES;
				CLANG_ANALYZER_NUMBER_OBJECT_CONVERSION = YES_AGGRESSIVE;
				CLANG_CXX_LANGUAGE_STANDARD = "gnu++20";
				CLANG_ENABLE_MODULES = YES;
				CLANG_ENABLE_OBJC_ARC = YES;
				CLANG_ENABLE_OBJC_WEAK = YES;
				CLANG_WARN_BLOCK_CAPTURE_AUTORELEASING = YES;
				CLANG_WARN_BOOL_CONVERSION = YES;
				CLANG_WARN_COMMA = YES;
				CLANG_WARN_CONSTANT_CONVERSION = YES;
				CLANG_WARN_DEPRECATED_OBJC_IMPLEMENTATIONS = YES;
				CLANG_WARN_DIRECT_OBJC_ISA_USAGE = YES_ERROR;
				CLANG_WARN_DOCUMENTATION_COMMENTS = YES;
				CLANG_WARN_EMPTY_BODY = YES;
				CLANG_WARN_ENUM_CONVERSION = YES;
				CLANG_WARN_INFINITE_RECURSION = YES;
				CLANG_WARN_INT_CONVERSION = YES;
				CLANG_WARN_NON_LITERAL_NULL_CONVERSION = YES;
				CLANG_WARN_OBJC_IMPLICIT_RETAIN_SELF = YES;
				CLANG_WARN_OBJC_LITERAL_CONVERSION = YES;
				CLANG_WARN_OBJC_ROOT_CLASS = YES_ERROR;
				CLANG_WARN_QUOTED_INCLUDE_IN_FRAMEWORK_HEADER = YES;
				CLANG_WARN_RANGE_LOOP_ANALYSIS = YES;
				CLANG_WARN_STRICT_PROTOTYPES = YES;
				CLANG_WARN_SUSPICIOUS_MOVE = YES;
				CLANG_WARN_UNGUARDED_AVAILABILITY = YES_AGGRESSIVE;
				CLANG_WARN_UNREACHABLE_CODE = YES;
				CLANG_WARN__DUPLICATE_METHOD_MATCH = YES;
				COPY_PHASE_STRIP = NO;
				DEAD_CODE_STRIPPING = YES;
				DEBUG_INFORMATION_FORMAT = dwarf;
				ENABLE_STRICT_OBJC_MSGSEND = YES;
				ENABLE_TESTABILITY = YES;
				GCC_C_LANGUAGE_STANDARD = gnu11;
				GCC_DYNAMIC_NO_PIC = NO;
				GCC_NO_COMMON_BLOCKS = YES;
				GCC_OPTIMIZATION_LEVEL = 0;
				GCC_PREPROCESSOR_DEFINITIONS = (
					"DEBUG=1",
					"$(inherited)",
				);
				GCC_WARN_64_TO_32_BIT_CONVERSION = YES;
				GCC_WARN_ABOUT_RETURN_TYPE = YES_ERROR;
				GCC_WARN_UNDECLARED_SELECTOR = YES;
				GCC_WARN_UNINITIALIZED_AUTOS = YES_AGGRESSIVE;
				GCC_WARN_UNUSED_FUNCTION = YES;
				GCC_WARN_UNUSED_VARIABLE = YES;
				MTL_ENABLE_DEBUG_INFO = INCLUDE_SOURCE;
				MTL_FAST_MATH = YES;
				ONLY_ACTIVE_ARCH = YES;
				SWIFT_ACTIVE_COMPILATION_CONDITIONS = DEBUG;
				SWIFT_OPTIMIZATION_LEVEL = "-Onone";
			};
			name = Debug;
		};
		CBB1F3F6295DBA63009A743A /* Release */ = {
			isa = XCBuildConfiguration;
			buildSettings = {
				ALWAYS_SEARCH_USER_PATHS = NO;
				CLANG_ANALYZER_NONNULL = YES;
				CLANG_ANALYZER_NUMBER_OBJECT_CONVERSION = YES_AGGRESSIVE;
				CLANG_CXX_LANGUAGE_STANDARD = "gnu++20";
				CLANG_ENABLE_MODULES = YES;
				CLANG_ENABLE_OBJC_ARC = YES;
				CLANG_ENABLE_OBJC_WEAK = YES;
				CLANG_WARN_BLOCK_CAPTURE_AUTORELEASING = YES;
				CLANG_WARN_BOOL_CONVERSION = YES;
				CLANG_WARN_COMMA = YES;
				CLANG_WARN_CONSTANT_CONVERSION = YES;
				CLANG_WARN_DEPRECATED_OBJC_IMPLEMENTATIONS = YES;
				CLANG_WARN_DIRECT_OBJC_ISA_USAGE = YES_ERROR;
				CLANG_WARN_DOCUMENTATION_COMMENTS = YES;
				CLANG_WARN_EMPTY_BODY = YES;
				CLANG_WARN_ENUM_CONVERSION = YES;
				CLANG_WARN_INFINITE_RECURSION = YES;
				CLANG_WARN_INT_CONVERSION = YES;
				CLANG_WARN_NON_LITERAL_NULL_CONVERSION = YES;
				CLANG_WARN_OBJC_IMPLICIT_RETAIN_SELF = YES;
				CLANG_WARN_OBJC_LITERAL_CONVERSION = YES;
				CLANG_WARN_OBJC_ROOT_CLASS = YES_ERROR;
				CLANG_WARN_QUOTED_INCLUDE_IN_FRAMEWORK_HEADER = YES;
				CLANG_WARN_RANGE_LOOP_ANALYSIS = YES;
				CLANG_WARN_STRICT_PROTOTYPES = YES;
				CLANG_WARN_SUSPICIOUS_MOVE = YES;
				CLANG_WARN_UNGUARDED_AVAILABILITY = YES_AGGRESSIVE;
				CLANG_WARN_UNREACHABLE_CODE = YES;
				CLANG_WARN__DUPLICATE_METHOD_MATCH = YES;
				COPY_PHASE_STRIP = NO;
				DEAD_CODE_STRIPPING = YES;
				DEBUG_INFORMATION_FORMAT = "dwarf-with-dsym";
				ENABLE_NS_ASSERTIONS = NO;
				ENABLE_STRICT_OBJC_MSGSEND = YES;
				GCC_C_LANGUAGE_STANDARD = gnu11;
				GCC_NO_COMMON_BLOCKS = YES;
				GCC_WARN_64_TO_32_BIT_CONVERSION = YES;
				GCC_WARN_ABOUT_RETURN_TYPE = YES_ERROR;
				GCC_WARN_UNDECLARED_SELECTOR = YES;
				GCC_WARN_UNINITIALIZED_AUTOS = YES_AGGRESSIVE;
				GCC_WARN_UNUSED_FUNCTION = YES;
				GCC_WARN_UNUSED_VARIABLE = YES;
				MTL_ENABLE_DEBUG_INFO = NO;
				MTL_FAST_MATH = YES;
				SWIFT_COMPILATION_MODE = wholemodule;
				SWIFT_OPTIMIZATION_LEVEL = "-O";
			};
			name = Release;
		};
		CBB1F3F8295DBA63009A743A /* Debug */ = {
			isa = XCBuildConfiguration;
			buildSettings = {
				ASSETCATALOG_COMPILER_APPICON_NAME = AppIcon;
				ASSETCATALOG_COMPILER_GLOBAL_ACCENT_COLOR_NAME = AccentColor;
				CODE_SIGN_ENTITLEMENTS = Inspo/Inspo.entitlements;
				CODE_SIGN_IDENTITY = "-";
				CODE_SIGN_STYLE = Automatic;
				CURRENT_PROJECT_VERSION = 1;
				DEAD_CODE_STRIPPING = YES;
				DEVELOPMENT_ASSET_PATHS = "\"Inspo/Preview Content\"";
				DEVELOPMENT_TEAM = FSX322285W;
				ENABLE_HARDENED_RUNTIME = YES;
				ENABLE_PREVIEWS = YES;
				GENERATE_INFOPLIST_FILE = YES;
				INFOPLIST_KEY_CFBundleDisplayName = "Find Inspo";
				INFOPLIST_KEY_LSApplicationCategoryType = "public.app-category.lifestyle";
				"INFOPLIST_KEY_UIApplicationSceneManifest_Generation[sdk=iphoneos*]" = YES;
				"INFOPLIST_KEY_UIApplicationSceneManifest_Generation[sdk=iphonesimulator*]" = YES;
				"INFOPLIST_KEY_UIApplicationSupportsIndirectInputEvents[sdk=iphoneos*]" = YES;
				"INFOPLIST_KEY_UIApplicationSupportsIndirectInputEvents[sdk=iphonesimulator*]" = YES;
				"INFOPLIST_KEY_UILaunchScreen_Generation[sdk=iphoneos*]" = YES;
				"INFOPLIST_KEY_UILaunchScreen_Generation[sdk=iphonesimulator*]" = YES;
				"INFOPLIST_KEY_UIStatusBarStyle[sdk=iphoneos*]" = UIStatusBarStyleDefault;
				"INFOPLIST_KEY_UIStatusBarStyle[sdk=iphonesimulator*]" = UIStatusBarStyleDefault;
				INFOPLIST_KEY_UISupportedInterfaceOrientations = UIInterfaceOrientationPortrait;
				IPHONEOS_DEPLOYMENT_TARGET = 16.1;
				LD_RUNPATH_SEARCH_PATHS = "@executable_path/Frameworks";
				"LD_RUNPATH_SEARCH_PATHS[sdk=macosx*]" = "@executable_path/../Frameworks";
				MACOSX_DEPLOYMENT_TARGET = 13.0;
				MARKETING_VERSION = 1.0;
				PRODUCT_BUNDLE_IDENTIFIER = kitten.Inspo;
				PRODUCT_NAME = "$(TARGET_NAME)";
				SDKROOT = auto;
				SUPPORTED_PLATFORMS = "iphoneos iphonesimulator";
				SUPPORTS_MACCATALYST = NO;
				SUPPORTS_MAC_DESIGNED_FOR_IPHONE_IPAD = NO;
				SWIFT_EMIT_LOC_STRINGS = YES;
				SWIFT_VERSION = 5.0;
				TARGETED_DEVICE_FAMILY = "1,2";
			};
			name = Debug;
		};
		CBB1F3F9295DBA63009A743A /* Release */ = {
			isa = XCBuildConfiguration;
			buildSettings = {
				ASSETCATALOG_COMPILER_APPICON_NAME = AppIcon;
				ASSETCATALOG_COMPILER_GLOBAL_ACCENT_COLOR_NAME = AccentColor;
				CODE_SIGN_ENTITLEMENTS = Inspo/Inspo.entitlements;
				CODE_SIGN_IDENTITY = "-";
				CODE_SIGN_STYLE = Automatic;
				CURRENT_PROJECT_VERSION = 1;
				DEAD_CODE_STRIPPING = YES;
				DEVELOPMENT_ASSET_PATHS = "\"Inspo/Preview Content\"";
				DEVELOPMENT_TEAM = FSX322285W;
				ENABLE_HARDENED_RUNTIME = YES;
				ENABLE_PREVIEWS = YES;
				GENERATE_INFOPLIST_FILE = YES;
				INFOPLIST_KEY_CFBundleDisplayName = "Find Inspo";
				INFOPLIST_KEY_LSApplicationCategoryType = "public.app-category.lifestyle";
				"INFOPLIST_KEY_UIApplicationSceneManifest_Generation[sdk=iphoneos*]" = YES;
				"INFOPLIST_KEY_UIApplicationSceneManifest_Generation[sdk=iphonesimulator*]" = YES;
				"INFOPLIST_KEY_UIApplicationSupportsIndirectInputEvents[sdk=iphoneos*]" = YES;
				"INFOPLIST_KEY_UIApplicationSupportsIndirectInputEvents[sdk=iphonesimulator*]" = YES;
				"INFOPLIST_KEY_UILaunchScreen_Generation[sdk=iphoneos*]" = YES;
				"INFOPLIST_KEY_UILaunchScreen_Generation[sdk=iphonesimulator*]" = YES;
				"INFOPLIST_KEY_UIStatusBarStyle[sdk=iphoneos*]" = UIStatusBarStyleDefault;
				"INFOPLIST_KEY_UIStatusBarStyle[sdk=iphonesimulator*]" = UIStatusBarStyleDefault;
				INFOPLIST_KEY_UISupportedInterfaceOrientations = UIInterfaceOrientationPortrait;
				IPHONEOS_DEPLOYMENT_TARGET = 16.1;
				LD_RUNPATH_SEARCH_PATHS = "@executable_path/Frameworks";
				"LD_RUNPATH_SEARCH_PATHS[sdk=macosx*]" = "@executable_path/../Frameworks";
				MACOSX_DEPLOYMENT_TARGET = 13.0;
				MARKETING_VERSION = 1.0;
				PRODUCT_BUNDLE_IDENTIFIER = kitten.Inspo;
				PRODUCT_NAME = "$(TARGET_NAME)";
				SDKROOT = auto;
				SUPPORTED_PLATFORMS = "iphoneos iphonesimulator";
				SUPPORTS_MACCATALYST = NO;
				SUPPORTS_MAC_DESIGNED_FOR_IPHONE_IPAD = NO;
				SWIFT_EMIT_LOC_STRINGS = YES;
				SWIFT_VERSION = 5.0;
				TARGETED_DEVICE_FAMILY = "1,2";
			};
			name = Release;
		};
/* End XCBuildConfiguration section */

/* Begin XCConfigurationList section */
		CBB1F3E3295DBA5A009A743A /* Build configuration list for PBXProject "Inspo" */ = {
			isa = XCConfigurationList;
			buildConfigurations = (
				CBB1F3F5295DBA63009A743A /* Debug */,
				CBB1F3F6295DBA63009A743A /* Release */,
			);
			defaultConfigurationIsVisible = 0;
			defaultConfigurationName = Release;
		};
		CBB1F3F7295DBA63009A743A /* Build configuration list for PBXNativeTarget "Inspo" */ = {
			isa = XCConfigurationList;
			buildConfigurations = (
				CBB1F3F8295DBA63009A743A /* Debug */,
				CBB1F3F9295DBA63009A743A /* Release */,
			);
			defaultConfigurationIsVisible = 0;
			defaultConfigurationName = Release;
		};
/* End XCConfigurationList section */
	};
	rootObject = CBB1F3E0295DBA5A009A743A /* Project object */;
}
